
Microsoft Visual Studio Solution File, Format Version 12.00
# Visual Studio 15
Project("{FAE04EC0-301F-11D3-BF4B-00C04F79EFBC}") = "Assembly-CSharp", "Assembly-CSharp.csproj", "{0F895A35-09F0-F15B-7E7F-46CDCDEE6DD1}"
EndProject
Project("{FAE04EC0-301F-11D3-BF4B-00C04F79EFBC}") = "Assembly-CSharp-firstpass", "Assembly-CSharp-firstpass.csproj", "{588E8017-29EB-7BF4-DADB-6472AFBD6077}"
EndProject
Project("{FAE04EC0-301F-11D3-BF4B-00C04F79EFBC}") = "Assembly-CSharp-Editor-firstpass", "Assembly-CSharp-Editor-firstpass.csproj", "{3C0E4364-7ADE-6E0D-F862-FEEFB5FC40D9}"
EndProject
Global
	GlobalSection(SolutionConfigurationPlatforms) = preSolution
		Debug|Any CPU = Debug|Any CPU
		Release|Any CPU = Release|Any CPU
	EndGlobalSection
	GlobalSection(ProjectConfigurationPlatforms) = postSolution
		{0F895A35-09F0-F15B-7E7F-46CDCDEE6DD1}.Debug|Any CPU.ActiveCfg = Debug|Any CPU
		{0F895A35-09F0-F15B-7E7F-46CDCDEE6DD1}.Debug|Any CPU.Build.0 = Debug|Any CPU
		{0F895A35-09F0-F15B-7E7F-46CDCDEE6DD1}.Release|Any CPU.ActiveCfg = Release|Any CPU
		{0F895A35-09F0-F15B-7E7F-46CDCDEE6DD1}.Release|Any CPU.Build.0 = Release|Any CPU
		{588E8017-29EB-7BF4-DADB-6472AFBD6077}.Debug|Any CPU.ActiveCfg = Debug|Any CPU
		{588E8017-29EB-7BF4-DADB-6472AFBD6077}.Debug|Any CPU.Build.0 = Debug|Any CPU
		{588E8017-29EB-7BF4-DADB-6472AFBD6077}.Release|Any CPU.ActiveCfg = Release|Any CPU
		{588E8017-29EB-7BF4-DADB-6472AFBD6077}.Release|Any CPU.Build.0 = Release|Any CPU
		{3C0E4364-7ADE-6E0D-F862-FEEFB5FC40D9}.Debug|Any CPU.ActiveCfg = Debug|Any CPU
		{3C0E4364-7ADE-6E0D-F862-FEEFB5FC40D9}.Debug|Any CPU.Build.0 = Debug|Any CPU
		{3C0E4364-7ADE-6E0D-F862-FEEFB5FC40D9}.Release|Any CPU.ActiveCfg = Release|Any CPU
		{3C0E4364-7ADE-6E0D-F862-FEEFB5FC40D9}.Release|Any CPU.Build.0 = Release|Any CPU
	EndGlobalSection
	GlobalSection(SolutionProperties) = preSolution
		HideSolutionNode = FALSE
	EndGlobalSection
EndGlobal
